github.com/ovadiaK/go-modules/hello v0.0.0-20200421231203-fba0dc1c5438 h1:MqySaz2ufUvpxmOWLvH6LXQFK00PdavwWrffIszWVs4=
github.com/ovadiaK/go-modules/hello v0.0.0-20200421231203-fba0dc1c5438/go.mod h1:MXXfTRY7vnU0YGSxZYYRNkDXBA+swiCwTXvceLFBSfI=
github.com/petrkotek/go-vector v0.0.0-20160419175531-ae5d0c1483e6 h1:1iAZP93phqZru3TQU1hhbdjSOJ3uxR57wQ7kn1ozy00=
github.com/petrkotek/go-vector v0.0.0-20160419175531-ae5d0c1483e6/go.mod h1:364hg4jfiH/XDu9LtV8bHKvBhAfA/CjHka3rBdsLZxA=
